
Microsoft Visual Studio Solution File, Format Version 12.00
# Visual Studio Version 16
VisualStudioVersion = 16.0.30907.101
MinimumVisualStudioVersion = 10.0.40219.1
Project("{FAE04EC0-301F-11D3-BF4B-00C04F79EFBC}") = "calculated", "calculated.csproj", "{A2F28C6B-290B-4017-AB6E-E877F7E268CC}"
EndProject
Global
	GlobalSection(SolutionConfigurationPlatforms) = preSolution
		Debug|Any CPU = Debug|Any CPU
		Release|Any CPU = Release|Any CPU
	EndGlobalSection
	GlobalSection(ProjectConfigurationPlatforms) = postSolution
		{A2F28C6B-290B-4017-AB6E-E877F7E268CC}.Debug|Any CPU.ActiveCfg = Debug|Any CPU
		{A2F28C6B-290B-4017-AB6E-E877F7E268CC}.Debug|Any CPU.Build.0 = Debug|Any CPU
		{A2F28C6B-290B-4017-AB6E-E877F7E268CC}.Release|Any CPU.ActiveCfg = Release|Any CPU
		{A2F28C6B-290B-4017-AB6E-E877F7E268CC}.Release|Any CPU.Build.0 = Release|Any CPU
	EndGlobalSection
	GlobalSection(SolutionProperties) = preSolution
		HideSolutionNode = FALSE
	EndGlobalSection
	GlobalSection(ExtensibilityGlobals) = postSolution
		SolutionGuid = {08CD626D-30A3-425A-8A74-C6B920E57926}
	EndGlobalSection
EndGlobal
